
Microsoft Visual Studio Solution File, Format Version 12.00
# Visual Studio Version 17
VisualStudioVersion = 17.0.32126.317
MinimumVisualStudioVersion = 10.0.40219.1
Project("{F184B08F-C81C-45F6-A57F-5ABD9991F28F}") = "LietKeSoNguyenTo", "LietKeSoNguyenTo\LietKeSoNguyenTo.vbproj", "{E1CCC4F4-3713-4516-A9A7-F6BBD8430860}"
EndProject
Project("{F184B08F-C81C-45F6-A57F-5ABD9991F28F}") = "BaiTapSo4", "BaiTapSo4\BaiTapSo4.vbproj", "{02DEB253-29B0-4617-B406-6028203D35F9}"
EndProject
Project("{F184B08F-C81C-45F6-A57F-5ABD9991F28F}") = "BaiTapSo5", "BaiTapSo5\BaiTapSo5.vbproj", "{D767C56F-09C4-41B7-82EA-5758B6C0FD9B}"
EndProject
Project("{F184B08F-C81C-45F6-A57F-5ABD9991F28F}") = "BaiTapSo6", "BaiTapSo6\BaiTapSo6.vbproj", "{DE5A06CA-F7C3-4509-8E14-C63ABDF4638D}"
EndProject
Global
	GlobalSection(SolutionConfigurationPlatforms) = preSolution
		Debug|Any CPU = Debug|Any CPU
		Release|Any CPU = Release|Any CPU
	EndGlobalSection
	GlobalSection(ProjectConfigurationPlatforms) = postSolution
		{E1CCC4F4-3713-4516-A9A7-F6BBD8430860}.Debug|Any CPU.ActiveCfg = Debug|Any CPU
		{E1CCC4F4-3713-4516-A9A7-F6BBD8430860}.Debug|Any CPU.Build.0 = Debug|Any CPU
		{E1CCC4F4-3713-4516-A9A7-F6BBD8430860}.Release|Any CPU.ActiveCfg = Release|Any CPU
		{E1CCC4F4-3713-4516-A9A7-F6BBD8430860}.Release|Any CPU.Build.0 = Release|Any CPU
		{02DEB253-29B0-4617-B406-6028203D35F9}.Debug|Any CPU.ActiveCfg = Debug|Any CPU
		{02DEB253-29B0-4617-B406-6028203D35F9}.Debug|Any CPU.Build.0 = Debug|Any CPU
		{02DEB253-29B0-4617-B406-6028203D35F9}.Release|Any CPU.ActiveCfg = Release|Any CPU
		{02DEB253-29B0-4617-B406-6028203D35F9}.Release|Any CPU.Build.0 = Release|Any CPU
		{D767C56F-09C4-41B7-82EA-5758B6C0FD9B}.Debug|Any CPU.ActiveCfg = Debug|Any CPU
		{D767C56F-09C4-41B7-82EA-5758B6C0FD9B}.Debug|Any CPU.Build.0 = Debug|Any CPU
		{D767C56F-09C4-41B7-82EA-5758B6C0FD9B}.Release|Any CPU.ActiveCfg = Release|Any CPU
		{D767C56F-09C4-41B7-82EA-5758B6C0FD9B}.Release|Any CPU.Build.0 = Release|Any CPU
		{DE5A06CA-F7C3-4509-8E14-C63ABDF4638D}.Debug|Any CPU.ActiveCfg = Debug|Any CPU
		{DE5A06CA-F7C3-4509-8E14-C63ABDF4638D}.Debug|Any CPU.Build.0 = Debug|Any CPU
		{DE5A06CA-F7C3-4509-8E14-C63ABDF4638D}.Release|Any CPU.ActiveCfg = Release|Any CPU
		{DE5A06CA-F7C3-4509-8E14-C63ABDF4638D}.Release|Any CPU.Build.0 = Release|Any CPU
	EndGlobalSection
	GlobalSection(SolutionProperties) = preSolution
		HideSolutionNode = FALSE
	EndGlobalSection
	GlobalSection(ExtensibilityGlobals) = postSolution
		SolutionGuid = {B9A42182-C366-4070-B7C4-D605F293BC7C}
	EndGlobalSection
EndGlobal
