
Microsoft Visual Studio Solution File, Format Version 12.00
# Visual Studio Version 17
VisualStudioVersion = 17.0.32126.317
MinimumVisualStudioVersion = 10.0.40219.1
Project("{F184B08F-C81C-45F6-A57F-5ABD9991F28F}") = "VongLapFor", "VongLapFor\VongLapFor.vbproj", "{D6A44D28-20A4-4C73-9BBB-4ED1FC09D126}"
EndProject
Project("{F184B08F-C81C-45F6-A57F-5ABD9991F28F}") = "SelectCase", "SelectCase\SelectCase.vbproj", "{71F03C4C-11FC-419F-9A67-6DCEC4211860}"
EndProject
Project("{F184B08F-C81C-45F6-A57F-5ABD9991F28F}") = "VongLapWhile", "VongLapWhile\VongLapWhile.vbproj", "{FAF41EF4-46B2-4125-854B-1F6A49D9756B}"
EndProject
Project("{F184B08F-C81C-45F6-A57F-5ABD9991F28F}") = "VongLapDoWhile", "VongLapDoWhile\VongLapDoWhile.vbproj", "{1AB5FA71-BAB7-4B01-9C47-4E827B199C1B}"
EndProject
Project("{F184B08F-C81C-45F6-A57F-5ABD9991F28F}") = "VongLapForEach", "VongLapForEach\VongLapForEach.vbproj", "{FCA90F35-12D4-4D7E-8E34-5171BE25BB2D}"
EndProject
Global
	GlobalSection(SolutionConfigurationPlatforms) = preSolution
		Debug|Any CPU = Debug|Any CPU
		Release|Any CPU = Release|Any CPU
	EndGlobalSection
	GlobalSection(ProjectConfigurationPlatforms) = postSolution
		{D6A44D28-20A4-4C73-9BBB-4ED1FC09D126}.Debug|Any CPU.ActiveCfg = Debug|Any CPU
		{D6A44D28-20A4-4C73-9BBB-4ED1FC09D126}.Debug|Any CPU.Build.0 = Debug|Any CPU
		{D6A44D28-20A4-4C73-9BBB-4ED1FC09D126}.Release|Any CPU.ActiveCfg = Release|Any CPU
		{D6A44D28-20A4-4C73-9BBB-4ED1FC09D126}.Release|Any CPU.Build.0 = Release|Any CPU
		{71F03C4C-11FC-419F-9A67-6DCEC4211860}.Debug|Any CPU.ActiveCfg = Debug|Any CPU
		{71F03C4C-11FC-419F-9A67-6DCEC4211860}.Debug|Any CPU.Build.0 = Debug|Any CPU
		{71F03C4C-11FC-419F-9A67-6DCEC4211860}.Release|Any CPU.ActiveCfg = Release|Any CPU
		{71F03C4C-11FC-419F-9A67-6DCEC4211860}.Release|Any CPU.Build.0 = Release|Any CPU
		{FAF41EF4-46B2-4125-854B-1F6A49D9756B}.Debug|Any CPU.ActiveCfg = Debug|Any CPU
		{FAF41EF4-46B2-4125-854B-1F6A49D9756B}.Debug|Any CPU.Build.0 = Debug|Any CPU
		{FAF41EF4-46B2-4125-854B-1F6A49D9756B}.Release|Any CPU.ActiveCfg = Release|Any CPU
		{FAF41EF4-46B2-4125-854B-1F6A49D9756B}.Release|Any CPU.Build.0 = Release|Any CPU
		{1AB5FA71-BAB7-4B01-9C47-4E827B199C1B}.Debug|Any CPU.ActiveCfg = Debug|Any CPU
		{1AB5FA71-BAB7-4B01-9C47-4E827B199C1B}.Debug|Any CPU.Build.0 = Debug|Any CPU
		{1AB5FA71-BAB7-4B01-9C47-4E827B199C1B}.Release|Any CPU.ActiveCfg = Release|Any CPU
		{1AB5FA71-BAB7-4B01-9C47-4E827B199C1B}.Release|Any CPU.Build.0 = Release|Any CPU
		{FCA90F35-12D4-4D7E-8E34-5171BE25BB2D}.Debug|Any CPU.ActiveCfg = Debug|Any CPU
		{FCA90F35-12D4-4D7E-8E34-5171BE25BB2D}.Debug|Any CPU.Build.0 = Debug|Any CPU
		{FCA90F35-12D4-4D7E-8E34-5171BE25BB2D}.Release|Any CPU.ActiveCfg = Release|Any CPU
		{FCA90F35-12D4-4D7E-8E34-5171BE25BB2D}.Release|Any CPU.Build.0 = Release|Any CPU
	EndGlobalSection
	GlobalSection(SolutionProperties) = preSolution
		HideSolutionNode = FALSE
	EndGlobalSection
	GlobalSection(ExtensibilityGlobals) = postSolution
		SolutionGuid = {0CC6DEAA-5401-4768-A0FF-EB980A31AD16}
	EndGlobalSection
EndGlobal
